
Microsoft Visual Studio Solution File, Format Version 12.00
# Visual Studio Version 17
VisualStudioVersion = 17.8.34525.116
MinimumVisualStudioVersion = 10.0.40219.1
Project("{FAE04EC0-301F-11D3-BF4B-00C04F79EFBC}") = "Trinomial", "Trinomial.csproj", "{AF417F0A-6FD8-4FD9-BC98-9DE280D3445A}"
EndProject
Global
	GlobalSection(SolutionConfigurationPlatforms) = preSolution
		Debug|Any CPU = Debug|Any CPU
		Release|Any CPU = Release|Any CPU
	EndGlobalSection
	GlobalSection(ProjectConfigurationPlatforms) = postSolution
		{AF417F0A-6FD8-4FD9-BC98-9DE280D3445A}.Debug|Any CPU.ActiveCfg = Debug|Any CPU
		{AF417F0A-6FD8-4FD9-BC98-9DE280D3445A}.Debug|Any CPU.Build.0 = Debug|Any CPU
		{AF417F0A-6FD8-4FD9-BC98-9DE280D3445A}.Release|Any CPU.ActiveCfg = Release|Any CPU
		{AF417F0A-6FD8-4FD9-BC98-9DE280D3445A}.Release|Any CPU.Build.0 = Release|Any CPU
	EndGlobalSection
	GlobalSection(SolutionProperties) = preSolution
		HideSolutionNode = FALSE
	EndGlobalSection
	GlobalSection(ExtensibilityGlobals) = postSolution
		SolutionGuid = {DF53CE82-E1B7-4831-95ED-BD599CD5A2B6}
	EndGlobalSection
EndGlobal
